
Microsoft Visual Studio Solution File, Format Version 12.00
# Visual Studio Version 17
VisualStudioVersion = 17.0.31903.59
MinimumVisualStudioVersion = 10.0.40219.1
Project("{FAE04EC0-301F-11D3-BF4B-00C04F79EFBC}") = "ReFract_Unity", "ReFract_Unity\ReFract_Unity\ReFract_Unity.csproj", "{587B2049-7B93-4881-BBB1-CF61BE22D16D}"
EndProject
Project("{FAE04EC0-301F-11D3-BF4B-00C04F79EFBC}") = "ReFract_FrooxEngine", "ReFract_FrooxEngine\ReFract_FrooxEngine\ReFract_FrooxEngine.csproj", "{B00D4B49-3E6C-0E89-13FB-285AED54E02A}"
EndProject
Global
	GlobalSection(SolutionConfigurationPlatforms) = preSolution
		Debug|Any CPU = Debug|Any CPU
		Debug|x64 = Debug|x64
		Debug|x86 = Debug|x86
		Release|Any CPU = Release|Any CPU
		Release|x64 = Release|x64
		Release|x86 = Release|x86
	EndGlobalSection
	GlobalSection(ProjectConfigurationPlatforms) = postSolution
		{587B2049-7B93-4881-BBB1-CF61BE22D16D}.Debug|Any CPU.ActiveCfg = Debug|Any CPU
		{587B2049-7B93-4881-BBB1-CF61BE22D16D}.Debug|Any CPU.Build.0 = Debug|Any CPU
		{587B2049-7B93-4881-BBB1-CF61BE22D16D}.Debug|x64.ActiveCfg = Debug|Any CPU
		{587B2049-7B93-4881-BBB1-CF61BE22D16D}.Debug|x64.Build.0 = Debug|Any CPU
		{587B2049-7B93-4881-BBB1-CF61BE22D16D}.Debug|x86.ActiveCfg = Debug|Any CPU
		{587B2049-7B93-4881-BBB1-CF61BE22D16D}.Debug|x86.Build.0 = Debug|Any CPU
		{587B2049-7B93-4881-BBB1-CF61BE22D16D}.Release|Any CPU.ActiveCfg = Release|Any CPU
		{587B2049-7B93-4881-BBB1-CF61BE22D16D}.Release|Any CPU.Build.0 = Release|Any CPU
		{587B2049-7B93-4881-BBB1-CF61BE22D16D}.Release|x64.ActiveCfg = Release|Any CPU
		{587B2049-7B93-4881-BBB1-CF61BE22D16D}.Release|x64.Build.0 = Release|Any CPU
		{587B2049-7B93-4881-BBB1-CF61BE22D16D}.Release|x86.ActiveCfg = Release|Any CPU
		{587B2049-7B93-4881-BBB1-CF61BE22D16D}.Release|x86.Build.0 = Release|Any CPU
		{B00D4B49-3E6C-0E89-13FB-285AED54E02A}.Debug|Any CPU.ActiveCfg = Debug|Any CPU
		{B00D4B49-3E6C-0E89-13FB-285AED54E02A}.Debug|Any CPU.Build.0 = Debug|Any CPU
		{B00D4B49-3E6C-0E89-13FB-285AED54E02A}.Debug|x64.ActiveCfg = Debug|Any CPU
		{B00D4B49-3E6C-0E89-13FB-285AED54E02A}.Debug|x64.Build.0 = Debug|Any CPU
		{B00D4B49-3E6C-0E89-13FB-285AED54E02A}.Debug|x86.ActiveCfg = Debug|Any CPU
		{B00D4B49-3E6C-0E89-13FB-285AED54E02A}.Debug|x86.Build.0 = Debug|Any CPU
		{B00D4B49-3E6C-0E89-13FB-285AED54E02A}.Release|Any CPU.ActiveCfg = Release|Any CPU
		{B00D4B49-3E6C-0E89-13FB-285AED54E02A}.Release|Any CPU.Build.0 = Release|Any CPU
		{B00D4B49-3E6C-0E89-13FB-285AED54E02A}.Release|x64.ActiveCfg = Release|Any CPU
		{B00D4B49-3E6C-0E89-13FB-285AED54E02A}.Release|x64.Build.0 = Release|Any CPU
		{B00D4B49-3E6C-0E89-13FB-285AED54E02A}.Release|x86.ActiveCfg = Release|Any CPU
		{B00D4B49-3E6C-0E89-13FB-285AED54E02A}.Release|x86.Build.0 = Release|Any CPU
	EndGlobalSection
	GlobalSection(SolutionProperties) = preSolution
		HideSolutionNode = FALSE
	EndGlobalSection
	GlobalSection(ExtensibilityGlobals) = postSolution
		SolutionGuid = {8B1ACA4A-2113-4A00-8249-3E63C3C2F4FE}
	EndGlobalSection
EndGlobal
